// !$*UTF8*$!
{
	archiveVersion = 1;
	classes = {
	};
	objectVersion = 46;
	objects = {

/* Begin PBXBuildFile section */
		298C50201DC6C1CF00B85CA0 /* main.m in Sources */ = {isa = PBXBuildFile; fileRef = 298C501F1DC6C1CF00B85CA0 /* main.m */; };
		298C50271DC6C1DE00B85CA0 /* Employee.m in Sources */ = {isa = PBXBuildFile; fileRef = 298C50261DC6C1DE00B85CA0 /* Employee.m */; };
/* End PBXBuildFile section */

/* Begin PBXCopyFilesBuildPhase section */
		298C501A1DC6C1CF00B85CA0 /* CopyFiles */ = {
			isa = PBXCopyFilesBuildPhase;
			buildActionMask = 2147483647;
			dstPath = /usr/share/man/man1/;
			dstSubfolderSpec = 0;
			files = (
			);
			runOnlyForDeploymentPostprocessing = 1;
		};
/* End PBXCopyFilesBuildPhase section */

/* Begin PBXFileReference section */
		298C501C1DC6C1CF00B85CA0 /* CustomClassExample */ = {isa = PBXFileReference; explicitFileType = "compiled.mach-o.executable"; includeInIndex = 0; path = CustomClassExample; sourceTree = BUILT_PRODUCTS_DIR; };
		298C501F1DC6C1CF00B85CA0 /* main.m */ = {isa = PBXFileReference; lastKnownFileType = sourcecode.c.objc; path = main.m; sourceTree = "<group>"; };
		298C50261DC6C1DE00B85CA0 /* Employee.m */ = {isa = PBXFileReference; fileEncoding = 4; lastKnownFileType = sourcecode.c.objc; path = Employee.m; sourceTree = "<group>"; };
		298C50281DC6C1F300B85CA0 /* Employee.h */ = {isa = PBXFileReference; lastKnownFileType = sourcecode.c.h; path = Employee.h; sourceTree = "<group>"; };
/* End PBXFileReference section */

/* Begin PBXFrameworksBuildPhase section */
		298C50191DC6C1CF00B85CA0 /* Frameworks */ = {
			isa = PBXFrameworksBuildPhase;
			buildActionMask = 2147483647;
			files = (
			);
			runOnlyForDeploymentPostprocessing = 0;
		};
/* End PBXFrameworksBuildPhase section */

/* Begin PBXGroup section */
		298C50131DC6C1CF00B85CA0 = {
			isa = PBXGroup;
			children = (
				298C501E1DC6C1CF00B85CA0 /* CustomClassExample */,
				298C501D1DC6C1CF00B85CA0 /* Products */,
			);
			sourceTree = "<group>";
		};
		298C501D1DC6C1CF00B85CA0 /* Products */ = {
			isa = PBXGroup;
			children = (
				298C501C1DC6C1CF00B85CA0 /* CustomClassExample */,
			);
			name = Products;
			sourceTree = "<group>";
		};
		298C501E1DC6C1CF00B85CA0 /* CustomClassExample */ = {
			isa = PBXGroup;
			children = (
				298C501F1DC6C1CF00B85CA0 /* main.m */,
				298C50261DC6C1DE00B85CA0 /* Employee.m */,
				298C50281DC6C1F300B85CA0 /* Employee.h */,
			);
			path = CustomClassExample;
			sourceTree = "<group>";
		};
/* End PBXGroup section */

/* Begin PBXNativeTarget section */
		298C501B1DC6C1CF00B85CA0 /* CustomClassExample */ = {
			isa = PBXNativeTarget;
			buildConfigurationList = 298C50231DC6C1CF00B85CA0 /* Build configuration list for PBXNativeTarget "CustomClassExample" */;
			buildPhases = (
				298C50181DC6C1CF00B85CA0 /* Sources */,
				298C50191DC6C1CF00B85CA0 /* Frameworks */,
				298C501A1DC6C1CF00B85CA0 /* CopyFiles */,
			);
			buildRules = (
			);
			dependencies = (
			);
			name = CustomClassExample;
			productName = CustomClassExample;
			productReference = 298C501C1DC6C1CF00B85CA0 /* CustomClassExample */;
			productType = "com.apple.product-type.tool";
		};
/* End PBXNativeTarget section */

/* Begin PBXProject section */
		298C50141DC6C1CF00B85CA0 /* Project object */ = {
			isa = PBXProject;
			attributes = {
				LastUpgradeCheck = 0730;
				ORGANIZATIONNAME = schifano;
				TargetAttributes = {
					298C501B1DC6C1CF00B85CA0 = {
						CreatedOnToolsVersion = 7.3;
					};
				};
			};
			buildConfigurationList = 298C50171DC6C1CF00B85CA0 /* Build configuration list for PBXProject "CustomClassExample" */;
			compatibilityVersion = "Xcode 3.2";
			developmentRegion = English;
			hasScannedForEncodings = 0;
			knownRegions = (
				en,
			);
			mainGroup = 298C50131DC6C1CF00B85CA0;
			productRefGroup = 298C501D1DC6C1CF00B85CA0 /* Products */;
			projectDirPath = "";
			projectRoot = "";
			targets = (
				298C501B1DC6C1CF00B85CA0 /* CustomClassExample */,
			);
		};
/* End PBXProject section */

/* Begin PBXSourcesBuildPhase section */
		298C50181DC6C1CF00B85CA0 /* Sources */ = {
			isa = PBXSourcesBuildPhase;
			buildActionMask = 2147483647;
			files = (
				298C50201DC6C1CF00B85CA0 /* main.m in Sources */,
				298C50271DC6C1DE00B85CA0 /* Employee.m in Sources */,
			);
			runOnlyForDeploymentPostprocessing = 0;
		};
/* End PBXSourcesBuildPhase section */

/* Begin XCBuildConfiguration section */
		298C50211DC6C1CF00B85CA0 /* Debug */ = {
			isa = XCBuildConfiguration;
			buildSettings = {
				ALWAYS_SEARCH_USER_PATHS = NO;
				CLANG_ANALYZER_NONNULL = YES;
				CLANG_CXX_LANGUAGE_STANDARD = "gnu++0x";
				CLANG_CXX_LIBRARY = "libc++";
				CLANG_ENABLE_MODULES = YES;
				CLANG_ENABLE_OBJC_ARC = YES;
				CLANG_WARN_BOOL_CONVERSION = YES;
				CLANG_WARN_CONSTANT_CONVERSION = YES;
				CLANG_WARN_DIRECT_OBJC_ISA_USAGE = YES_ERROR;
				CLANG_WARN_EMPTY_BODY = YES;
				CLANG_WARN_ENUM_CONVERSION = YES;
				CLANG_WARN_INT_CONVERSION = YES;
				CLANG_WARN_OBJC_ROOT_CLASS = YES_ERROR;
				CLANG_WARN_UNREACHABLE_CODE = YES;
				CLANG_WARN__DUPLICATE_METHOD_MATCH = YES;
				CODE_SIGN_IDENTITY = "-";
				COPY_PHASE_STRIP = NO;
				DEBUG_INFORMATION_FORMAT = dwarf;
				ENABLE_STRICT_OBJC_MSGSEND = YES;
				ENABLE_TESTABILITY = YES;
				GCC_C_LANGUAGE_STANDARD = gnu99;
				GCC_DYNAMIC_NO_PIC = NO;
				GCC_NO_COMMON_BLOCKS = YES;
				GCC_OPTIMIZATION_LEVEL = 0;
				GCC_PREPROCESSOR_DEFINITIONS = (
					"DEBUG=1",
					"$(inherited)",
				);
				GCC_WARN_64_TO_32_BIT_CONVERSION = YES;
				GCC_WARN_ABOUT_RETURN_TYPE = YES_ERROR;
				GCC_WARN_UNDECLARED_SELECTOR = YES;
				GCC_WARN_UNINITIALIZED_AUTOS = YES_AGGRESSIVE;
				GCC_WARN_UNUSED_FUNCTION = YES;
				GCC_WARN_UNUSED_VARIABLE = YES;
				MACOSX_DEPLOYMENT_TARGET = 10.11;
				MTL_ENABLE_DEBUG_INFO = YES;
				ONLY_ACTIVE_ARCH = YES;
				SDKROOT = macosx;
			};
			name = Debug;
		};
		298C50221DC6C1CF00B85CA0 /* Release */ = {
			isa = XCBuildConfiguration;
			buildSettings = {
				ALWAYS_SEARCH_USER_PATHS = NO;
				CLANG_ANALYZER_NONNULL = YES;
				CLANG_CXX_LANGUAGE_STANDARD = "gnu++0x";
				CLANG_CXX_LIBRARY = "libc++";
				CLANG_ENABLE_MODULES = YES;
				CLANG_ENABLE_OBJC_ARC = YES;
				CLANG_WARN_BOOL_CONVERSION = YES;
				CLANG_WARN_CONSTANT_CONVERSION = YES;
				CLANG_WARN_DIRECT_OBJC_ISA_USAGE = YES_ERROR;
				CLANG_WARN_EMPTY_BODY = YES;
				CLANG_WARN_ENUM_CONVERSION = YES;
				CLANG_WARN_INT_CONVERSION = YES;
				CLANG_WARN_OBJC_ROOT_CLASS = YES_ERROR;
				CLANG_WARN_UNREACHABLE_CODE = YES;
				CLANG_WARN__DUPLICATE_METHOD_MATCH = YES;
				CODE_SIGN_IDENTITY = "-";
				COPY_PHASE_STRIP = NO;
				DEBUG_INFORMATION_FORMAT = "dwarf-with-dsym";
				ENABLE_NS_ASSERTIONS = NO;
				ENABLE_STRICT_OBJC_MSGSEND = YES;
				GCC_C_LANGUAGE_STANDARD = gnu99;
				GCC_NO_COMMON_BLOCKS = YES;
				GCC_WARN_64_TO_32_BIT_CONVERSION = YES;
				GCC_WARN_ABOUT_RETURN_TYPE = YES_ERROR;
				GCC_WARN_UNDECLARED_SELECTOR = YES;
				GCC_WARN_UNINITIALIZED_AUTOS = YES_AGGRESSIVE;
				GCC_WARN_UNUSED_FUNCTION = YES;
				GCC_WARN_UNUSED_VARIABLE = YES;
				MACOSX_DEPLOYMENT_TARGET = 10.11;
				MTL_ENABLE_DEBUG_INFO = NO;
				SDKROOT = macosx;
			};
			name = Release;
		};
		298C50241DC6C1CF00B85CA0 /* Debug */ = {
			isa = XCBuildConfiguration;
			buildSettings = {
				PRODUCT_NAME = "$(TARGET_NAME)";
			};
			name = Debug;
		};
		298C50251DC6C1CF00B85CA0 /* Release */ = {
			isa = XCBuildConfiguration;
			buildSettings = {
				PRODUCT_NAME = "$(TARGET_NAME)";
			};
			name = Release;
		};
/* End XCBuildConfiguration section */

/* Begin XCConfigurationList section */
		298C50171DC6C1CF00B85CA0 /* Build configuration list for PBXProject "CustomClassExample" */ = {
			isa = XCConfigurationList;
			buildConfigurations = (
				298C50211DC6C1CF00B85CA0 /* Debug */,
				298C50221DC6C1CF00B85CA0 /* Release */,
			);
			defaultConfigurationIsVisible = 0;
			defaultConfigurationName = Release;
		};
		298C50231DC6C1CF00B85CA0 /* Build configuration list for PBXNativeTarget "CustomClassExample" */ = {
			isa = XCConfigurationList;
			buildConfigurations = (
				298C50241DC6C1CF00B85CA0 /* Debug */,
				298C50251DC6C1CF00B85CA0 /* Release */,
			);
			defaultConfigurationIsVisible = 0;
		};
/* End XCConfigurationList section */
	};
	rootObject = 298C50141DC6C1CF00B85CA0 /* Project object */;
}
